
Microsoft Visual Studio Solution File, Format Version 11.00
# Visual Studio 2010
Project("{2150E333-8FDC-42A3-9474-1A3956D46DE8}") = "Supporting files", "Supporting files", "{F97E9815-B0F3-414A-B463-1345B6FECE27}"
EndProject
Project("{FAE04EC0-301F-11D3-BF4B-00C04F79EFBC}") = "f-Shipping", "3-FederationWithMultiplePartners\Code\f-Shipping\f-Shipping.csproj", "{54248F34-0617-4DB2-AA4D-AA1CE3C4407C}"
EndProject
Project("{FAE04EC0-301F-11D3-BF4B-00C04F79EFBC}") = "Samples.Web.ClaimsUtilities", "Shared Code\Samples.Web.ClaimsUtilities\Samples.Web.ClaimsUtilities.csproj", "{3C9C7EE0-3FE1-4F7C-AD8C-F1044B16A8DB}"
EndProject
Project("{FAE04EC0-301F-11D3-BF4B-00C04F79EFBC}") = "Samples.Web.UI.Controls", "Shared Code\Samples.Web.UI.Controls\Samples.Web.UI.Controls.csproj", "{67F3EDE9-101B-44E6-879B-9C190FAB3C21}"
EndProject
Project("{FAE04EC0-301F-11D3-BF4B-00C04F79EFBC}") = "Samples.Web.UI.Controls.Mvc", "Shared Code\Samples.Web.UI.Controls.MVC\Samples.Web.UI.Controls.Mvc.csproj", "{0CD4993E-1276-40EE-8908-2C30CFC1D960}"
EndProject
Project("{FAE04EC0-301F-11D3-BF4B-00C04F79EFBC}") = "Litware.SimulatedIssuer.3", "3-FederationWithMultiplePartners\Code\Litware.SimulatedIssuer.3\Litware.SimulatedIssuer.3.csproj", "{91730104-69D7-42CD-B278-740FC59E9E95}"
EndProject
Project("{FAE04EC0-301F-11D3-BF4B-00C04F79EFBC}") = "Adatum.SimulatedIssuer.3", "3-FederationWithMultiplePartners\Code\Adatum.SimulatedIssuer.3\Adatum.SimulatedIssuer.3.csproj", "{9058F22A-5C63-428B-9D9D-45E03193BAB0}"
EndProject
Project("{FAE04EC0-301F-11D3-BF4B-00C04F79EFBC}") = "Fabrikam.SimulatedIssuer.3", "3-FederationWithMultiplePartners\Code\Fabrikam.SimulatedIssuer.3\Fabrikam.SimulatedIssuer.3.csproj", "{D94EB81B-5D2C-43BB-9B68-6311FDA245FD}"
EndProject
Project("{FAE04EC0-301F-11D3-BF4B-00C04F79EFBC}") = "Fabrikam.FederationProvider.3", "3-FederationWithMultiplePartners\Code\Fabrikam.FederationProvider.3\Fabrikam.FederationProvider.3.csproj", "{66C0F920-0D54-4F76-9564-8C9AD9BFC465}"
EndProject
Global
	GlobalSection(SolutionConfigurationPlatforms) = preSolution
		Debug|Any CPU = Debug|Any CPU
		Release|Any CPU = Release|Any CPU
	EndGlobalSection
	GlobalSection(ProjectConfigurationPlatforms) = postSolution
		{54248F34-0617-4DB2-AA4D-AA1CE3C4407C}.Debug|Any CPU.ActiveCfg = Debug|Any CPU
		{54248F34-0617-4DB2-AA4D-AA1CE3C4407C}.Debug|Any CPU.Build.0 = Debug|Any CPU
		{54248F34-0617-4DB2-AA4D-AA1CE3C4407C}.Release|Any CPU.ActiveCfg = Release|Any CPU
		{54248F34-0617-4DB2-AA4D-AA1CE3C4407C}.Release|Any CPU.Build.0 = Release|Any CPU
		{3C9C7EE0-3FE1-4F7C-AD8C-F1044B16A8DB}.Debug|Any CPU.ActiveCfg = Debug|Any CPU
		{3C9C7EE0-3FE1-4F7C-AD8C-F1044B16A8DB}.Debug|Any CPU.Build.0 = Debug|Any CPU
		{3C9C7EE0-3FE1-4F7C-AD8C-F1044B16A8DB}.Release|Any CPU.ActiveCfg = Release|Any CPU
		{3C9C7EE0-3FE1-4F7C-AD8C-F1044B16A8DB}.Release|Any CPU.Build.0 = Release|Any CPU
		{67F3EDE9-101B-44E6-879B-9C190FAB3C21}.Debug|Any CPU.ActiveCfg = Debug|Any CPU
		{67F3EDE9-101B-44E6-879B-9C190FAB3C21}.Debug|Any CPU.Build.0 = Debug|Any CPU
		{67F3EDE9-101B-44E6-879B-9C190FAB3C21}.Release|Any CPU.ActiveCfg = Release|Any CPU
		{67F3EDE9-101B-44E6-879B-9C190FAB3C21}.Release|Any CPU.Build.0 = Release|Any CPU
		{0CD4993E-1276-40EE-8908-2C30CFC1D960}.Debug|Any CPU.ActiveCfg = Debug|Any CPU
		{0CD4993E-1276-40EE-8908-2C30CFC1D960}.Debug|Any CPU.Build.0 = Debug|Any CPU
		{0CD4993E-1276-40EE-8908-2C30CFC1D960}.Release|Any CPU.ActiveCfg = Release|Any CPU
		{0CD4993E-1276-40EE-8908-2C30CFC1D960}.Release|Any CPU.Build.0 = Release|Any CPU
		{91730104-69D7-42CD-B278-740FC59E9E95}.Debug|Any CPU.ActiveCfg = Debug|Any CPU
		{91730104-69D7-42CD-B278-740FC59E9E95}.Debug|Any CPU.Build.0 = Debug|Any CPU
		{91730104-69D7-42CD-B278-740FC59E9E95}.Release|Any CPU.ActiveCfg = Release|Any CPU
		{91730104-69D7-42CD-B278-740FC59E9E95}.Release|Any CPU.Build.0 = Release|Any CPU
		{9058F22A-5C63-428B-9D9D-45E03193BAB0}.Debug|Any CPU.ActiveCfg = Debug|Any CPU
		{9058F22A-5C63-428B-9D9D-45E03193BAB0}.Debug|Any CPU.Build.0 = Debug|Any CPU
		{9058F22A-5C63-428B-9D9D-45E03193BAB0}.Release|Any CPU.ActiveCfg = Release|Any CPU
		{9058F22A-5C63-428B-9D9D-45E03193BAB0}.Release|Any CPU.Build.0 = Release|Any CPU
		{D94EB81B-5D2C-43BB-9B68-6311FDA245FD}.Debug|Any CPU.ActiveCfg = Debug|Any CPU
		{D94EB81B-5D2C-43BB-9B68-6311FDA245FD}.Debug|Any CPU.Build.0 = Debug|Any CPU
		{D94EB81B-5D2C-43BB-9B68-6311FDA245FD}.Release|Any CPU.ActiveCfg = Release|Any CPU
		{D94EB81B-5D2C-43BB-9B68-6311FDA245FD}.Release|Any CPU.Build.0 = Release|Any CPU
		{66C0F920-0D54-4F76-9564-8C9AD9BFC465}.Debug|Any CPU.ActiveCfg = Debug|Any CPU
		{66C0F920-0D54-4F76-9564-8C9AD9BFC465}.Debug|Any CPU.Build.0 = Debug|Any CPU
		{66C0F920-0D54-4F76-9564-8C9AD9BFC465}.Release|Any CPU.ActiveCfg = Release|Any CPU
		{66C0F920-0D54-4F76-9564-8C9AD9BFC465}.Release|Any CPU.Build.0 = Release|Any CPU
	EndGlobalSection
	GlobalSection(SolutionProperties) = preSolution
		HideSolutionNode = FALSE
	EndGlobalSection
	GlobalSection(NestedProjects) = preSolution
		{3C9C7EE0-3FE1-4F7C-AD8C-F1044B16A8DB} = {F97E9815-B0F3-414A-B463-1345B6FECE27}
		{67F3EDE9-101B-44E6-879B-9C190FAB3C21} = {F97E9815-B0F3-414A-B463-1345B6FECE27}
		{0CD4993E-1276-40EE-8908-2C30CFC1D960} = {F97E9815-B0F3-414A-B463-1345B6FECE27}
	EndGlobalSection
EndGlobal
