
Microsoft Visual Studio Solution File, Format Version 12.00
# Visual Studio 2013
VisualStudioVersion = 12.0.40629.0
MinimumVisualStudioVersion = 10.0.40219.1
Project("{FAE04EC0-301F-11D3-BF4B-00C04F79EFBC}") = "MyCustomTokenHandlerSTS", "MyCustomTokenHandlerSTS\MyCustomTokenHandlerSTS.csproj", "{5FA36100-3604-4D20-B9AA-D45C3A02AF4C}"
EndProject
Project("{FAE04EC0-301F-11D3-BF4B-00C04F79EFBC}") = "MyCustomTokenHandlerWebsite", "MyCustomTokenHandlerWebsite\MyCustomTokenHandlerWebsite.csproj", "{040F5F70-6088-43BB-8934-5913DED9437C}"
EndProject
Global
	GlobalSection(SolutionConfigurationPlatforms) = preSolution
		Debug|Any CPU = Debug|Any CPU
		Release|Any CPU = Release|Any CPU
	EndGlobalSection
	GlobalSection(ProjectConfigurationPlatforms) = postSolution
		{5FA36100-3604-4D20-B9AA-D45C3A02AF4C}.Debug|Any CPU.ActiveCfg = Debug|Any CPU
		{5FA36100-3604-4D20-B9AA-D45C3A02AF4C}.Debug|Any CPU.Build.0 = Debug|Any CPU
		{5FA36100-3604-4D20-B9AA-D45C3A02AF4C}.Release|Any CPU.ActiveCfg = Release|Any CPU
		{5FA36100-3604-4D20-B9AA-D45C3A02AF4C}.Release|Any CPU.Build.0 = Release|Any CPU
		{040F5F70-6088-43BB-8934-5913DED9437C}.Debug|Any CPU.ActiveCfg = Debug|Any CPU
		{040F5F70-6088-43BB-8934-5913DED9437C}.Debug|Any CPU.Build.0 = Debug|Any CPU
		{040F5F70-6088-43BB-8934-5913DED9437C}.Release|Any CPU.ActiveCfg = Release|Any CPU
		{040F5F70-6088-43BB-8934-5913DED9437C}.Release|Any CPU.Build.0 = Release|Any CPU
	EndGlobalSection
	GlobalSection(SolutionProperties) = preSolution
		HideSolutionNode = FALSE
	EndGlobalSection
EndGlobal
