
Microsoft Visual Studio Solution File, Format Version 11.00
# Visual Studio 2010
Project("{FAE04EC0-301F-11D3-BF4B-00C04F79EFBC}") = "SampleClaimsProviderFeature", "SampleClaimsProvider\SampleClaimsProviderFeature\SampleClaimsProviderFeature.csproj", "{201CD64E-D36F-4DD5-A7C0-D3F2F4D3410C}"
	ProjectSection(ProjectDependencies) = postProject
		{459591B4-068B-40D9-8513-6B2B1CEFE7EC} = {459591B4-068B-40D9-8513-6B2B1CEFE7EC}
	EndProjectSection
EndProject
Project("{FAE04EC0-301F-11D3-BF4B-00C04F79EFBC}") = "SampleClaimsProvider", "SampleClaimsProvider\SampleClaimsProvider\SampleClaimsProvider.csproj", "{459591B4-068B-40D9-8513-6B2B1CEFE7EC}"
EndProject
Global
	GlobalSection(SolutionConfigurationPlatforms) = preSolution
		Debug|Any CPU = Debug|Any CPU
		Release|Any CPU = Release|Any CPU
	EndGlobalSection
	GlobalSection(ProjectConfigurationPlatforms) = postSolution
		{459591B4-068B-40D9-8513-6B2B1CEFE7EC}.Debug|Any CPU.ActiveCfg = Debug|Any CPU
		{459591B4-068B-40D9-8513-6B2B1CEFE7EC}.Debug|Any CPU.Build.0 = Debug|Any CPU
		{459591B4-068B-40D9-8513-6B2B1CEFE7EC}.Release|Any CPU.ActiveCfg = Release|Any CPU
		{459591B4-068B-40D9-8513-6B2B1CEFE7EC}.Release|Any CPU.Build.0 = Release|Any CPU
		{201CD64E-D36F-4DD5-A7C0-D3F2F4D3410C}.Debug|Any CPU.ActiveCfg = Debug|Any CPU
		{201CD64E-D36F-4DD5-A7C0-D3F2F4D3410C}.Debug|Any CPU.Build.0 = Debug|Any CPU
		{201CD64E-D36F-4DD5-A7C0-D3F2F4D3410C}.Debug|Any CPU.Deploy.0 = Debug|Any CPU
		{201CD64E-D36F-4DD5-A7C0-D3F2F4D3410C}.Release|Any CPU.ActiveCfg = Release|Any CPU
		{201CD64E-D36F-4DD5-A7C0-D3F2F4D3410C}.Release|Any CPU.Build.0 = Release|Any CPU
		{201CD64E-D36F-4DD5-A7C0-D3F2F4D3410C}.Release|Any CPU.Deploy.0 = Release|Any CPU
	EndGlobalSection
	GlobalSection(SolutionProperties) = preSolution
		HideSolutionNode = FALSE
	EndGlobalSection
EndGlobal
